// !$*UTF8*$!
{
	archiveVersion = 1;
	classes = {
	};
	objectVersion = 56;
	objects = {

/* Begin PBXBuildFile section */
		716854252BD242E80061241A /* TotalChartView.swift in Sources */ = {isa = PBXBuildFile; fileRef = 716854242BD242E80061241A /* TotalChartView.swift */; };
		71961E142B85F472001C7C06 /* FriendView.swift in Sources */ = {isa = PBXBuildFile; fileRef = 71961E132B85F472001C7C06 /* FriendView.swift */; };
		71961E162B85F733001C7C06 /* SettingsView.swift in Sources */ = {isa = PBXBuildFile; fileRef = 71961E152B85F733001C7C06 /* SettingsView.swift */; };
		71961E182B85F887001C7C06 /* AddFriendView.swift in Sources */ = {isa = PBXBuildFile; fileRef = 71961E172B85F887001C7C06 /* AddFriendView.swift */; };
		71961E1A2B87BAC5001C7C06 /* AboutView.swift in Sources */ = {isa = PBXBuildFile; fileRef = 71961E192B87BAC5001C7C06 /* AboutView.swift */; };
		71961E1C2B88AB6D001C7C06 /* AddTransactionView.swift in Sources */ = {isa = PBXBuildFile; fileRef = 71961E1B2B88AB6D001C7C06 /* AddTransactionView.swift */; };
		71961E1F2B88BCA4001C7C06 /* EditTransactionView.swift in Sources */ = {isa = PBXBuildFile; fileRef = 71961E1E2B88BCA4001C7C06 /* EditTransactionView.swift */; };
		71BC10692B85AF140014321D /* MoneyTrackerV3App.swift in Sources */ = {isa = PBXBuildFile; fileRef = 71BC10682B85AF140014321D /* MoneyTrackerV3App.swift */; };
		71BC106B2B85AF140014321D /* ContentView.swift in Sources */ = {isa = PBXBuildFile; fileRef = 71BC106A2B85AF140014321D /* ContentView.swift */; };
		71BC106D2B85AF170014321D /* Assets.xcassets in Resources */ = {isa = PBXBuildFile; fileRef = 71BC106C2B85AF170014321D /* Assets.xcassets */; };
		71BC10702B85AF170014321D /* Preview Assets.xcassets in Resources */ = {isa = PBXBuildFile; fileRef = 71BC106F2B85AF170014321D /* Preview Assets.xcassets */; };
		71BC107A2B85AF170014321D /* MoneyTrackerV3Tests.swift in Sources */ = {isa = PBXBuildFile; fileRef = 71BC10792B85AF170014321D /* MoneyTrackerV3Tests.swift */; };
		71BC10842B85AF170014321D /* MoneyTrackerV3UITests.swift in Sources */ = {isa = PBXBuildFile; fileRef = 71BC10832B85AF170014321D /* MoneyTrackerV3UITests.swift */; };
		71BC10862B85AF170014321D /* MoneyTrackerV3UITestsLaunchTests.swift in Sources */ = {isa = PBXBuildFile; fileRef = 71BC10852B85AF170014321D /* MoneyTrackerV3UITestsLaunchTests.swift */; };
		71BC10932B85AF620014321D /* Transaction.swift in Sources */ = {isa = PBXBuildFile; fileRef = 71BC10922B85AF620014321D /* Transaction.swift */; };
		71BC10952B85AF7E0014321D /* TransactionType.swift in Sources */ = {isa = PBXBuildFile; fileRef = 71BC10942B85AF7E0014321D /* TransactionType.swift */; };
		71BC10972B85AFA80014321D /* Friend.swift in Sources */ = {isa = PBXBuildFile; fileRef = 71BC10962B85AFA80014321D /* Friend.swift */; };
		71BC10992B85AFE80014321D /* FriendDetailView.swift in Sources */ = {isa = PBXBuildFile; fileRef = 71BC10982B85AFE80014321D /* FriendDetailView.swift */; };
		71BC109B2B85B0070014321D /* FriendsViewModel.swift in Sources */ = {isa = PBXBuildFile; fileRef = 71BC109A2B85B0070014321D /* FriendsViewModel.swift */; };
		71BC109D2B85B02A0014321D /* UserDefaultsManager.swift in Sources */ = {isa = PBXBuildFile; fileRef = 71BC109C2B85B02A0014321D /* UserDefaultsManager.swift */; };
/* End PBXBuildFile section */

/* Begin PBXContainerItemProxy section */
		71BC10762B85AF170014321D /* PBXContainerItemProxy */ = {
			isa = PBXContainerItemProxy;
			containerPortal = 71BC105D2B85AF140014321D /* Project object */;
			proxyType = 1;
			remoteGlobalIDString = 71BC10642B85AF140014321D;
			remoteInfo = MoneyTrackerV3;
		};
		71BC10802B85AF170014321D /* PBXContainerItemProxy */ = {
			isa = PBXContainerItemProxy;
			containerPortal = 71BC105D2B85AF140014321D /* Project object */;
			proxyType = 1;
			remoteGlobalIDString = 71BC10642B85AF140014321D;
			remoteInfo = MoneyTrackerV3;
		};
/* End PBXContainerItemProxy section */

/* Begin PBXFileReference section */
		716854242BD242E80061241A /* TotalChartView.swift */ = {isa = PBXFileReference; lastKnownFileType = sourcecode.swift; name = TotalChartView.swift; path = ../TotalChartView.swift; sourceTree = "<group>"; };
		71961E132B85F472001C7C06 /* FriendView.swift */ = {isa = PBXFileReference; lastKnownFileType = sourcecode.swift; path = FriendView.swift; sourceTree = "<group>"; };
		71961E152B85F733001C7C06 /* SettingsView.swift */ = {isa = PBXFileReference; lastKnownFileType = sourcecode.swift; path = SettingsView.swift; sourceTree = "<group>"; };
		71961E172B85F887001C7C06 /* AddFriendView.swift */ = {isa = PBXFileReference; lastKnownFileType = sourcecode.swift; path = AddFriendView.swift; sourceTree = "<group>"; };
		71961E192B87BAC5001C7C06 /* AboutView.swift */ = {isa = PBXFileReference; lastKnownFileType = sourcecode.swift; path = AboutView.swift; sourceTree = "<group>"; };
		71961E1B2B88AB6D001C7C06 /* AddTransactionView.swift */ = {isa = PBXFileReference; lastKnownFileType = sourcecode.swift; path = AddTransactionView.swift; sourceTree = "<group>"; };
		71961E1E2B88BCA4001C7C06 /* EditTransactionView.swift */ = {isa = PBXFileReference; lastKnownFileType = sourcecode.swift; path = EditTransactionView.swift; sourceTree = "<group>"; };
		71BC10652B85AF140014321D /* MoneyTrackerV3.app */ = {isa = PBXFileReference; explicitFileType = wrapper.application; includeInIndex = 0; path = MoneyTrackerV3.app; sourceTree = BUILT_PRODUCTS_DIR; };
		71BC10682B85AF140014321D /* MoneyTrackerV3App.swift */ = {isa = PBXFileReference; lastKnownFileType = sourcecode.swift; path = MoneyTrackerV3App.swift; sourceTree = "<group>"; };
		71BC106A2B85AF140014321D /* ContentView.swift */ = {isa = PBXFileReference; lastKnownFileType = sourcecode.swift; path = ContentView.swift; sourceTree = "<group>"; };
		71BC106C2B85AF170014321D /* Assets.xcassets */ = {isa = PBXFileReference; lastKnownFileType = folder.assetcatalog; path = Assets.xcassets; sourceTree = "<group>"; };
		71BC106F2B85AF170014321D /* Preview Assets.xcassets */ = {isa = PBXFileReference; lastKnownFileType = folder.assetcatalog; path = "Preview Assets.xcassets"; sourceTree = "<group>"; };
		71BC10752B85AF170014321D /* MoneyTrackerV3Tests.xctest */ = {isa = PBXFileReference; explicitFileType = wrapper.cfbundle; includeInIndex = 0; path = MoneyTrackerV3Tests.xctest; sourceTree = BUILT_PRODUCTS_DIR; };
		71BC10792B85AF170014321D /* MoneyTrackerV3Tests.swift */ = {isa = PBXFileReference; lastKnownFileType = sourcecode.swift; path = MoneyTrackerV3Tests.swift; sourceTree = "<group>"; };
		71BC107F2B85AF170014321D /* MoneyTrackerV3UITests.xctest */ = {isa = PBXFileReference; explicitFileType = wrapper.cfbundle; includeInIndex = 0; path = MoneyTrackerV3UITests.xctest; sourceTree = BUILT_PRODUCTS_DIR; };
		71BC10832B85AF170014321D /* MoneyTrackerV3UITests.swift */ = {isa = PBXFileReference; lastKnownFileType = sourcecode.swift; path = MoneyTrackerV3UITests.swift; sourceTree = "<group>"; };
		71BC10852B85AF170014321D /* MoneyTrackerV3UITestsLaunchTests.swift */ = {isa = PBXFileReference; lastKnownFileType = sourcecode.swift; path = MoneyTrackerV3UITestsLaunchTests.swift; sourceTree = "<group>"; };
		71BC10922B85AF620014321D /* Transaction.swift */ = {isa = PBXFileReference; lastKnownFileType = sourcecode.swift; path = Transaction.swift; sourceTree = "<group>"; };
		71BC10942B85AF7E0014321D /* TransactionType.swift */ = {isa = PBXFileReference; lastKnownFileType = sourcecode.swift; path = TransactionType.swift; sourceTree = "<group>"; };
		71BC10962B85AFA80014321D /* Friend.swift */ = {isa = PBXFileReference; lastKnownFileType = sourcecode.swift; path = Friend.swift; sourceTree = "<group>"; };
		71BC10982B85AFE80014321D /* FriendDetailView.swift */ = {isa = PBXFileReference; lastKnownFileType = sourcecode.swift; path = FriendDetailView.swift; sourceTree = "<group>"; };
		71BC109A2B85B0070014321D /* FriendsViewModel.swift */ = {isa = PBXFileReference; lastKnownFileType = sourcecode.swift; path = FriendsViewModel.swift; sourceTree = "<group>"; };
		71BC109C2B85B02A0014321D /* UserDefaultsManager.swift */ = {isa = PBXFileReference; lastKnownFileType = sourcecode.swift; path = UserDefaultsManager.swift; sourceTree = "<group>"; };
/* End PBXFileReference section */

/* Begin PBXFrameworksBuildPhase section */
		71BC10622B85AF140014321D /* Frameworks */ = {
			isa = PBXFrameworksBuildPhase;
			buildActionMask = 2147483647;
			files = (
			);
			runOnlyForDeploymentPostprocessing = 0;
		};
		71BC10722B85AF170014321D /* Frameworks */ = {
			isa = PBXFrameworksBuildPhase;
			buildActionMask = 2147483647;
			files = (
			);
			runOnlyForDeploymentPostprocessing = 0;
		};
		71BC107C2B85AF170014321D /* Frameworks */ = {
			isa = PBXFrameworksBuildPhase;
			buildActionMask = 2147483647;
			files = (
			);
			runOnlyForDeploymentPostprocessing = 0;
		};
/* End PBXFrameworksBuildPhase section */

/* Begin PBXGroup section */
		71961E1D2B88B17D001C7C06 /* Currently unused */ = {
			isa = PBXGroup;
			children = (
				71961E1B2B88AB6D001C7C06 /* AddTransactionView.swift */,
			);
			path = "Currently unused";
			sourceTree = "<group>";
		};
		71BC105C2B85AF140014321D = {
			isa = PBXGroup;
			children = (
				71BC10672B85AF140014321D /* MoneyTrackerV3 */,
				71BC10782B85AF170014321D /* MoneyTrackerV3Tests */,
				71BC10822B85AF170014321D /* MoneyTrackerV3UITests */,
				71BC10662B85AF140014321D /* Products */,
			);
			sourceTree = "<group>";
		};
		71BC10662B85AF140014321D /* Products */ = {
			isa = PBXGroup;
			children = (
				71BC10652B85AF140014321D /* MoneyTrackerV3.app */,
				71BC10752B85AF170014321D /* MoneyTrackerV3Tests.xctest */,
				71BC107F2B85AF170014321D /* MoneyTrackerV3UITests.xctest */,
			);
			name = Products;
			sourceTree = "<group>";
		};
		71BC10672B85AF140014321D /* MoneyTrackerV3 */ = {
			isa = PBXGroup;
			children = (
				71BC10682B85AF140014321D /* MoneyTrackerV3App.swift */,
				71BC106A2B85AF140014321D /* ContentView.swift */,
				71961E152B85F733001C7C06 /* SettingsView.swift */,
				71961E132B85F472001C7C06 /* FriendView.swift */,
				716854242BD242E80061241A /* TotalChartView.swift */,
				71961E172B85F887001C7C06 /* AddFriendView.swift */,
				71961E192B87BAC5001C7C06 /* AboutView.swift */,
				71BC10982B85AFE80014321D /* FriendDetailView.swift */,
				71961E1E2B88BCA4001C7C06 /* EditTransactionView.swift */,
				71BC106C2B85AF170014321D /* Assets.xcassets */,
				71BC10922B85AF620014321D /* Transaction.swift */,
				71BC10942B85AF7E0014321D /* TransactionType.swift */,
				71BC10962B85AFA80014321D /* Friend.swift */,
				71BC109A2B85B0070014321D /* FriendsViewModel.swift */,
				71BC109C2B85B02A0014321D /* UserDefaultsManager.swift */,
				71961E1D2B88B17D001C7C06 /* Currently unused */,
				71BC106E2B85AF170014321D /* Preview Content */,
			);
			path = MoneyTrackerV3;
			sourceTree = "<group>";
		};
		71BC106E2B85AF170014321D /* Preview Content */ = {
			isa = PBXGroup;
			children = (
				71BC106F2B85AF170014321D /* Preview Assets.xcassets */,
			);
			path = "Preview Content";
			sourceTree = "<group>";
		};
		71BC10782B85AF170014321D /* MoneyTrackerV3Tests */ = {
			isa = PBXGroup;
			children = (
				71BC10792B85AF170014321D /* MoneyTrackerV3Tests.swift */,
			);
			path = MoneyTrackerV3Tests;
			sourceTree = "<group>";
		};
		71BC10822B85AF170014321D /* MoneyTrackerV3UITests */ = {
			isa = PBXGroup;
			children = (
				71BC10832B85AF170014321D /* MoneyTrackerV3UITests.swift */,
				71BC10852B85AF170014321D /* MoneyTrackerV3UITestsLaunchTests.swift */,
			);
			path = MoneyTrackerV3UITests;
			sourceTree = "<group>";
		};
/* End PBXGroup section */

/* Begin PBXNativeTarget section */
		71BC10642B85AF140014321D /* MoneyTrackerV3 */ = {
			isa = PBXNativeTarget;
			buildConfigurationList = 71BC10892B85AF170014321D /* Build configuration list for PBXNativeTarget "MoneyTrackerV3" */;
			buildPhases = (
				71BC10612B85AF140014321D /* Sources */,
				71BC10622B85AF140014321D /* Frameworks */,
				71BC10632B85AF140014321D /* Resources */,
			);
			buildRules = (
			);
			dependencies = (
			);
			name = MoneyTrackerV3;
			productName = MoneyTrackerV3;
			productReference = 71BC10652B85AF140014321D /* MoneyTrackerV3.app */;
			productType = "com.apple.product-type.application";
		};
		71BC10742B85AF170014321D /* MoneyTrackerV3Tests */ = {
			isa = PBXNativeTarget;
			buildConfigurationList = 71BC108C2B85AF170014321D /* Build configuration list for PBXNativeTarget "MoneyTrackerV3Tests" */;
			buildPhases = (
				71BC10712B85AF170014321D /* Sources */,
				71BC10722B85AF170014321D /* Frameworks */,
				71BC10732B85AF170014321D /* Resources */,
			);
			buildRules = (
			);
			dependencies = (
				71BC10772B85AF170014321D /* PBXTargetDependency */,
			);
			name = MoneyTrackerV3Tests;
			productName = MoneyTrackerV3Tests;
			productReference = 71BC10752B85AF170014321D /* MoneyTrackerV3Tests.xctest */;
			productType = "com.apple.product-type.bundle.unit-test";
		};
		71BC107E2B85AF170014321D /* MoneyTrackerV3UITests */ = {
			isa = PBXNativeTarget;
			buildConfigurationList = 71BC108F2B85AF170014321D /* Build configuration list for PBXNativeTarget "MoneyTrackerV3UITests" */;
			buildPhases = (
				71BC107B2B85AF170014321D /* Sources */,
				71BC107C2B85AF170014321D /* Frameworks */,
				71BC107D2B85AF170014321D /* Resources */,
			);
			buildRules = (
			);
			dependencies = (
				71BC10812B85AF170014321D /* PBXTargetDependency */,
			);
			name = MoneyTrackerV3UITests;
			productName = MoneyTrackerV3UITests;
			productReference = 71BC107F2B85AF170014321D /* MoneyTrackerV3UITests.xctest */;
			productType = "com.apple.product-type.bundle.ui-testing";
		};
/* End PBXNativeTarget section */

/* Begin PBXProject section */
		71BC105D2B85AF140014321D /* Project object */ = {
			isa = PBXProject;
			attributes = {
				BuildIndependentTargetsInParallel = 1;
				LastSwiftUpdateCheck = 1520;
				LastUpgradeCheck = 1520;
				TargetAttributes = {
					71BC10642B85AF140014321D = {
						CreatedOnToolsVersion = 15.2;
					};
					71BC10742B85AF170014321D = {
						CreatedOnToolsVersion = 15.2;
						TestTargetID = 71BC10642B85AF140014321D;
					};
					71BC107E2B85AF170014321D = {
						CreatedOnToolsVersion = 15.2;
						TestTargetID = 71BC10642B85AF140014321D;
					};
				};
			};
			buildConfigurationList = 71BC10602B85AF140014321D /* Build configuration list for PBXProject "MoneyTrackerV3" */;
			compatibilityVersion = "Xcode 14.0";
			developmentRegion = en;
			hasScannedForEncodings = 0;
			knownRegions = (
				en,
				Base,
			);
			mainGroup = 71BC105C2B85AF140014321D;
			productRefGroup = 71BC10662B85AF140014321D /* Products */;
			projectDirPath = "";
			projectRoot = "";
			targets = (
				71BC10642B85AF140014321D /* MoneyTrackerV3 */,
				71BC10742B85AF170014321D /* MoneyTrackerV3Tests */,
				71BC107E2B85AF170014321D /* MoneyTrackerV3UITests */,
			);
		};
/* End PBXProject section */

/* Begin PBXResourcesBuildPhase section */
		71BC10632B85AF140014321D /* Resources */ = {
			isa = PBXResourcesBuildPhase;
			buildActionMask = 2147483647;
			files = (
				71BC10702B85AF170014321D /* Preview Assets.xcassets in Resources */,
				71BC106D2B85AF170014321D /* Assets.xcassets in Resources */,
			);
			runOnlyForDeploymentPostprocessing = 0;
		};
		71BC10732B85AF170014321D /* Resources */ = {
			isa = PBXResourcesBuildPhase;
			buildActionMask = 2147483647;
			files = (
			);
			runOnlyForDeploymentPostprocessing = 0;
		};
		71BC107D2B85AF170014321D /* Resources */ = {
			isa = PBXResourcesBuildPhase;
			buildActionMask = 2147483647;
			files = (
			);
			runOnlyForDeploymentPostprocessing = 0;
		};
/* End PBXResourcesBuildPhase section */

/* Begin PBXSourcesBuildPhase section */
		71BC10612B85AF140014321D /* Sources */ = {
			isa = PBXSourcesBuildPhase;
			buildActionMask = 2147483647;
			files = (
				71BC10952B85AF7E0014321D /* TransactionType.swift in Sources */,
				71961E1C2B88AB6D001C7C06 /* AddTransactionView.swift in Sources */,
				716854252BD242E80061241A /* TotalChartView.swift in Sources */,
				71961E182B85F887001C7C06 /* AddFriendView.swift in Sources */,
				71961E142B85F472001C7C06 /* FriendView.swift in Sources */,
				71BC106B2B85AF140014321D /* ContentView.swift in Sources */,
				71961E1A2B87BAC5001C7C06 /* AboutView.swift in Sources */,
				71961E1F2B88BCA4001C7C06 /* EditTransactionView.swift in Sources */,
				71BC10972B85AFA80014321D /* Friend.swift in Sources */,
				71BC10992B85AFE80014321D /* FriendDetailView.swift in Sources */,
				71961E162B85F733001C7C06 /* SettingsView.swift in Sources */,
				71BC109B2B85B0070014321D /* FriendsViewModel.swift in Sources */,
				71BC10692B85AF140014321D /* MoneyTrackerV3App.swift in Sources */,
				71BC109D2B85B02A0014321D /* UserDefaultsManager.swift in Sources */,
				71BC10932B85AF620014321D /* Transaction.swift in Sources */,
			);
			runOnlyForDeploymentPostprocessing = 0;
		};
		71BC10712B85AF170014321D /* Sources */ = {
			isa = PBXSourcesBuildPhase;
			buildActionMask = 2147483647;
			files = (
				71BC107A2B85AF170014321D /* MoneyTrackerV3Tests.swift in Sources */,
			);
			runOnlyForDeploymentPostprocessing = 0;
		};
		71BC107B2B85AF170014321D /* Sources */ = {
			isa = PBXSourcesBuildPhase;
			buildActionMask = 2147483647;
			files = (
				71BC10842B85AF170014321D /* MoneyTrackerV3UITests.swift in Sources */,
				71BC10862B85AF170014321D /* MoneyTrackerV3UITestsLaunchTests.swift in Sources */,
			);
			runOnlyForDeploymentPostprocessing = 0;
		};
/* End PBXSourcesBuildPhase section */

/* Begin PBXTargetDependency section */
		71BC10772B85AF170014321D /* PBXTargetDependency */ = {
			isa = PBXTargetDependency;
			target = 71BC10642B85AF140014321D /* MoneyTrackerV3 */;
			targetProxy = 71BC10762B85AF170014321D /* PBXContainerItemProxy */;
		};
		71BC10812B85AF170014321D /* PBXTargetDependency */ = {
			isa = PBXTargetDependency;
			target = 71BC10642B85AF140014321D /* MoneyTrackerV3 */;
			targetProxy = 71BC10802B85AF170014321D /* PBXContainerItemProxy */;
		};
/* End PBXTargetDependency section */

/* Begin XCBuildConfiguration section */
		71BC10872B85AF170014321D /* Debug */ = {
			isa = XCBuildConfiguration;
			buildSettings = {
				ALWAYS_SEARCH_USER_PATHS = NO;
				ASSETCATALOG_COMPILER_GENERATE_SWIFT_ASSET_SYMBOL_EXTENSIONS = YES;
				CLANG_ANALYZER_NONNULL = YES;
				CLANG_ANALYZER_NUMBER_OBJECT_CONVERSION = YES_AGGRESSIVE;
				CLANG_CXX_LANGUAGE_STANDARD = "gnu++20";
				CLANG_ENABLE_MODULES = YES;
				CLANG_ENABLE_OBJC_ARC = YES;
				CLANG_ENABLE_OBJC_WEAK = YES;
				CLANG_WARN_BLOCK_CAPTURE_AUTORELEASING = YES;
				CLANG_WARN_BOOL_CONVERSION = YES;
				CLANG_WARN_COMMA = YES;
				CLANG_WARN_CONSTANT_CONVERSION = YES;
				CLANG_WARN_DEPRECATED_OBJC_IMPLEMENTATIONS = YES;
				CLANG_WARN_DIRECT_OBJC_ISA_USAGE = YES_ERROR;
				CLANG_WARN_DOCUMENTATION_COMMENTS = YES;
				CLANG_WARN_EMPTY_BODY = YES;
				CLANG_WARN_ENUM_CONVERSION = YES;
				CLANG_WARN_INFINITE_RECURSION = YES;
				CLANG_WARN_INT_CONVERSION = YES;
				CLANG_WARN_NON_LITERAL_NULL_CONVERSION = YES;
				CLANG_WARN_OBJC_IMPLICIT_RETAIN_SELF = YES;
				CLANG_WARN_OBJC_LITERAL_CONVERSION = YES;
				CLANG_WARN_OBJC_ROOT_CLASS = YES_ERROR;
				CLANG_WARN_QUOTED_INCLUDE_IN_FRAMEWORK_HEADER = YES;
				CLANG_WARN_RANGE_LOOP_ANALYSIS = YES;
				CLANG_WARN_STRICT_PROTOTYPES = YES;
				CLANG_WARN_SUSPICIOUS_MOVE = YES;
				CLANG_WARN_UNGUARDED_AVAILABILITY = YES_AGGRESSIVE;
				CLANG_WARN_UNREACHABLE_CODE = YES;
				CLANG_WARN__DUPLICATE_METHOD_MATCH = YES;
				COPY_PHASE_STRIP = NO;
				DEBUG_INFORMATION_FORMAT = dwarf;
				ENABLE_STRICT_OBJC_MSGSEND = YES;
				ENABLE_TESTABILITY = YES;
				ENABLE_USER_SCRIPT_SANDBOXING = YES;
				GCC_C_LANGUAGE_STANDARD = gnu17;
				GCC_DYNAMIC_NO_PIC = NO;
				GCC_NO_COMMON_BLOCKS = YES;
				GCC_OPTIMIZATION_LEVEL = 0;
				GCC_PREPROCESSOR_DEFINITIONS = (
					"DEBUG=1",
					"$(inherited)",
				);
				GCC_WARN_64_TO_32_BIT_CONVERSION = YES;
				GCC_WARN_ABOUT_RETURN_TYPE = YES_ERROR;
				GCC_WARN_UNDECLARED_SELECTOR = YES;
				GCC_WARN_UNINITIALIZED_AUTOS = YES_AGGRESSIVE;
				GCC_WARN_UNUSED_FUNCTION = YES;
				GCC_WARN_UNUSED_VARIABLE = YES;
				IPHONEOS_DEPLOYMENT_TARGET = 17.2;
				LOCALIZATION_PREFERS_STRING_CATALOGS = YES;
				MTL_ENABLE_DEBUG_INFO = INCLUDE_SOURCE;
				MTL_FAST_MATH = YES;
				ONLY_ACTIVE_ARCH = YES;
				SDKROOT = iphoneos;
				SWIFT_ACTIVE_COMPILATION_CONDITIONS = "DEBUG $(inherited)";
				SWIFT_OPTIMIZATION_LEVEL = "-Onone";
			};
			name = Debug;
		};
		71BC10882B85AF170014321D /* Release */ = {
			isa = XCBuildConfiguration;
			buildSettings = {
				ALWAYS_SEARCH_USER_PATHS = NO;
				ASSETCATALOG_COMPILER_GENERATE_SWIFT_ASSET_SYMBOL_EXTENSIONS = YES;
				CLANG_ANALYZER_NONNULL = YES;
				CLANG_ANALYZER_NUMBER_OBJECT_CONVERSION = YES_AGGRESSIVE;
				CLANG_CXX_LANGUAGE_STANDARD = "gnu++20";
				CLANG_ENABLE_MODULES = YES;
				CLANG_ENABLE_OBJC_ARC = YES;
				CLANG_ENABLE_OBJC_WEAK = YES;
				CLANG_WARN_BLOCK_CAPTURE_AUTORELEASING = YES;
				CLANG_WARN_BOOL_CONVERSION = YES;
				CLANG_WARN_COMMA = YES;
				CLANG_WARN_CONSTANT_CONVERSION = YES;
				CLANG_WARN_DEPRECATED_OBJC_IMPLEMENTATIONS = YES;
				CLANG_WARN_DIRECT_OBJC_ISA_USAGE = YES_ERROR;
				CLANG_WARN_DOCUMENTATION_COMMENTS = YES;
				CLANG_WARN_EMPTY_BODY = YES;
				CLANG_WARN_ENUM_CONVERSION = YES;
				CLANG_WARN_INFINITE_RECURSION = YES;
				CLANG_WARN_INT_CONVERSION = YES;
				CLANG_WARN_NON_LITERAL_NULL_CONVERSION = YES;
				CLANG_WARN_OBJC_IMPLICIT_RETAIN_SELF = YES;
				CLANG_WARN_OBJC_LITERAL_CONVERSION = YES;
				CLANG_WARN_OBJC_ROOT_CLASS = YES_ERROR;
				CLANG_WARN_QUOTED_INCLUDE_IN_FRAMEWORK_HEADER = YES;
				CLANG_WARN_RANGE_LOOP_ANALYSIS = YES;
				CLANG_WARN_STRICT_PROTOTYPES = YES;
				CLANG_WARN_SUSPICIOUS_MOVE = YES;
				CLANG_WARN_UNGUARDED_AVAILABILITY = YES_AGGRESSIVE;
				CLANG_WARN_UNREACHABLE_CODE = YES;
				CLANG_WARN__DUPLICATE_METHOD_MATCH = YES;
				COPY_PHASE_STRIP = NO;
				DEBUG_INFORMATION_FORMAT = "dwarf-with-dsym";
				ENABLE_NS_ASSERTIONS = NO;
				ENABLE_STRICT_OBJC_MSGSEND = YES;
				ENABLE_USER_SCRIPT_SANDBOXING = YES;
				GCC_C_LANGUAGE_STANDARD = gnu17;
				GCC_NO_COMMON_BLOCKS = YES;
				GCC_WARN_64_TO_32_BIT_CONVERSION = YES;
				GCC_WARN_ABOUT_RETURN_TYPE = YES_ERROR;
				GCC_WARN_UNDECLARED_SELECTOR = YES;
				GCC_WARN_UNINITIALIZED_AUTOS = YES_AGGRESSIVE;
				GCC_WARN_UNUSED_FUNCTION = YES;
				GCC_WARN_UNUSED_VARIABLE = YES;
				IPHONEOS_DEPLOYMENT_TARGET = 17.2;
				LOCALIZATION_PREFERS_STRING_CATALOGS = YES;
				MTL_ENABLE_DEBUG_INFO = NO;
				MTL_FAST_MATH = YES;
				SDKROOT = iphoneos;
				SWIFT_COMPILATION_MODE = wholemodule;
				VALIDATE_PRODUCT = YES;
			};
			name = Release;
		};
		71BC108A2B85AF170014321D /* Debug */ = {
			isa = XCBuildConfiguration;
			buildSettings = {
				ASSETCATALOG_COMPILER_APPICON_NAME = AppIcon;
				ASSETCATALOG_COMPILER_GLOBAL_ACCENT_COLOR_NAME = AccentColor;
				CODE_SIGN_STYLE = Automatic;
				CURRENT_PROJECT_VERSION = 1;
				DEVELOPMENT_ASSET_PATHS = "\"MoneyTrackerV3/Preview Content\"";
				DEVELOPMENT_TEAM = VS3GDVYR4H;
				ENABLE_PREVIEWS = YES;
				GENERATE_INFOPLIST_FILE = YES;
				INFOPLIST_KEY_UIApplicationSceneManifest_Generation = YES;
				INFOPLIST_KEY_UIApplicationSupportsIndirectInputEvents = YES;
				INFOPLIST_KEY_UILaunchScreen_Generation = YES;
				INFOPLIST_KEY_UISupportedInterfaceOrientations_iPad = "UIInterfaceOrientationPortrait UIInterfaceOrientationPortraitUpsideDown UIInterfaceOrientationLandscapeLeft UIInterfaceOrientationLandscapeRight";
				INFOPLIST_KEY_UISupportedInterfaceOrientations_iPhone = "UIInterfaceOrientationPortrait UIInterfaceOrientationLandscapeLeft UIInterfaceOrientationLandscapeRight";
				LD_RUNPATH_SEARCH_PATHS = (
					"$(inherited)",
					"@executable_path/Frameworks",
				);
				MARKETING_VERSION = 1.0;
				PRODUCT_BUNDLE_IDENTIFIER = Wares.MoneyTrackerV3;
				PRODUCT_NAME = "$(TARGET_NAME)";
				SWIFT_EMIT_LOC_STRINGS = YES;
				SWIFT_VERSION = 5.0;
				TARGETED_DEVICE_FAMILY = "1,2";
			};
			name = Debug;
		};
		71BC108B2B85AF170014321D /* Release */ = {
			isa = XCBuildConfiguration;
			buildSettings = {
				ASSETCATALOG_COMPILER_APPICON_NAME = AppIcon;
				ASSETCATALOG_COMPILER_GLOBAL_ACCENT_COLOR_NAME = AccentColor;
				CODE_SIGN_STYLE = Automatic;
				CURRENT_PROJECT_VERSION = 1;
				DEVELOPMENT_ASSET_PATHS = "\"MoneyTrackerV3/Preview Content\"";
				DEVELOPMENT_TEAM = VS3GDVYR4H;
				ENABLE_PREVIEWS = YES;
				GENERATE_INFOPLIST_FILE = YES;
				INFOPLIST_KEY_UIApplicationSceneManifest_Generation = YES;
				INFOPLIST_KEY_UIApplicationSupportsIndirectInputEvents = YES;
				INFOPLIST_KEY_UILaunchScreen_Generation = YES;
				INFOPLIST_KEY_UISupportedInterfaceOrientations_iPad = "UIInterfaceOrientationPortrait UIInterfaceOrientationPortraitUpsideDown UIInterfaceOrientationLandscapeLeft UIInterfaceOrientationLandscapeRight";
				INFOPLIST_KEY_UISupportedInterfaceOrientations_iPhone = "UIInterfaceOrientationPortrait UIInterfaceOrientationLandscapeLeft UIInterfaceOrientationLandscapeRight";
				LD_RUNPATH_SEARCH_PATHS = (
					"$(inherited)",
					"@executable_path/Frameworks",
				);
				MARKETING_VERSION = 1.0;
				PRODUCT_BUNDLE_IDENTIFIER = Wares.MoneyTrackerV3;
				PRODUCT_NAME = "$(TARGET_NAME)";
				SWIFT_EMIT_LOC_STRINGS = YES;
				SWIFT_VERSION = 5.0;
				TARGETED_DEVICE_FAMILY = "1,2";
			};
			name = Release;
		};
		71BC108D2B85AF170014321D /* Debug */ = {
			isa = XCBuildConfiguration;
			buildSettings = {
				ALWAYS_EMBED_SWIFT_STANDARD_LIBRARIES = YES;
				BUNDLE_LOADER = "$(TEST_HOST)";
				CODE_SIGN_STYLE = Automatic;
				CURRENT_PROJECT_VERSION = 1;
				GENERATE_INFOPLIST_FILE = YES;
				IPHONEOS_DEPLOYMENT_TARGET = 17.2;
				MARKETING_VERSION = 1.0;
				PRODUCT_BUNDLE_IDENTIFIER = Wares.MoneyTrackerV3Tests;
				PRODUCT_NAME = "$(TARGET_NAME)";
				SWIFT_EMIT_LOC_STRINGS = NO;
				SWIFT_VERSION = 5.0;
				TARGETED_DEVICE_FAMILY = "1,2";
				TEST_HOST = "$(BUILT_PRODUCTS_DIR)/MoneyTrackerV3.app/$(BUNDLE_EXECUTABLE_FOLDER_PATH)/MoneyTrackerV3";
			};
			name = Debug;
		};
		71BC108E2B85AF170014321D /* Release */ = {
			isa = XCBuildConfiguration;
			buildSettings = {
				ALWAYS_EMBED_SWIFT_STANDARD_LIBRARIES = YES;
				BUNDLE_LOADER = "$(TEST_HOST)";
				CODE_SIGN_STYLE = Automatic;
				CURRENT_PROJECT_VERSION = 1;
				GENERATE_INFOPLIST_FILE = YES;
				IPHONEOS_DEPLOYMENT_TARGET = 17.2;
				MARKETING_VERSION = 1.0;
				PRODUCT_BUNDLE_IDENTIFIER = Wares.MoneyTrackerV3Tests;
				PRODUCT_NAME = "$(TARGET_NAME)";
				SWIFT_EMIT_LOC_STRINGS = NO;
				SWIFT_VERSION = 5.0;
				TARGETED_DEVICE_FAMILY = "1,2";
				TEST_HOST = "$(BUILT_PRODUCTS_DIR)/MoneyTrackerV3.app/$(BUNDLE_EXECUTABLE_FOLDER_PATH)/MoneyTrackerV3";
			};
			name = Release;
		};
		71BC10902B85AF170014321D /* Debug */ = {
			isa = XCBuildConfiguration;
			buildSettings = {
				ALWAYS_EMBED_SWIFT_STANDARD_LIBRARIES = YES;
				CODE_SIGN_STYLE = Automatic;
				CURRENT_PROJECT_VERSION = 1;
				GENERATE_INFOPLIST_FILE = YES;
				MARKETING_VERSION = 1.0;
				PRODUCT_BUNDLE_IDENTIFIER = Wares.MoneyTrackerV3UITests;
				PRODUCT_NAME = "$(TARGET_NAME)";
				SWIFT_EMIT_LOC_STRINGS = NO;
				SWIFT_VERSION = 5.0;
				TARGETED_DEVICE_FAMILY = "1,2";
				TEST_TARGET_NAME = MoneyTrackerV3;
			};
			name = Debug;
		};
		71BC10912B85AF170014321D /* Release */ = {
			isa = XCBuildConfiguration;
			buildSettings = {
				ALWAYS_EMBED_SWIFT_STANDARD_LIBRARIES = YES;
				CODE_SIGN_STYLE = Automatic;
				CURRENT_PROJECT_VERSION = 1;
				GENERATE_INFOPLIST_FILE = YES;
				MARKETING_VERSION = 1.0;
				PRODUCT_BUNDLE_IDENTIFIER = Wares.MoneyTrackerV3UITests;
				PRODUCT_NAME = "$(TARGET_NAME)";
				SWIFT_EMIT_LOC_STRINGS = NO;
				SWIFT_VERSION = 5.0;
				TARGETED_DEVICE_FAMILY = "1,2";
				TEST_TARGET_NAME = MoneyTrackerV3;
			};
			name = Release;
		};
/* End XCBuildConfiguration section */

/* Begin XCConfigurationList section */
		71BC10602B85AF140014321D /* Build configuration list for PBXProject "MoneyTrackerV3" */ = {
			isa = XCConfigurationList;
			buildConfigurations = (
				71BC10872B85AF170014321D /* Debug */,
				71BC10882B85AF170014321D /* Release */,
			);
			defaultConfigurationIsVisible = 0;
			defaultConfigurationName = Release;
		};
		71BC10892B85AF170014321D /* Build configuration list for PBXNativeTarget "MoneyTrackerV3" */ = {
			isa = XCConfigurationList;
			buildConfigurations = (
				71BC108A2B85AF170014321D /* Debug */,
				71BC108B2B85AF170014321D /* Release */,
			);
			defaultConfigurationIsVisible = 0;
			defaultConfigurationName = Release;
		};
		71BC108C2B85AF170014321D /* Build configuration list for PBXNativeTarget "MoneyTrackerV3Tests" */ = {
			isa = XCConfigurationList;
			buildConfigurations = (
				71BC108D2B85AF170014321D /* Debug */,
				71BC108E2B85AF170014321D /* Release */,
			);
			defaultConfigurationIsVisible = 0;
			defaultConfigurationName = Release;
		};
		71BC108F2B85AF170014321D /* Build configuration list for PBXNativeTarget "MoneyTrackerV3UITests" */ = {
			isa = XCConfigurationList;
			buildConfigurations = (
				71BC10902B85AF170014321D /* Debug */,
				71BC10912B85AF170014321D /* Release */,
			);
			defaultConfigurationIsVisible = 0;
			defaultConfigurationName = Release;
		};
/* End XCConfigurationList section */
	};
	rootObject = 71BC105D2B85AF140014321D /* Project object */;
}
